
Microsoft Visual Studio Solution File, Format Version 12.00
# Visual Studio 15
VisualStudioVersion = 15.0.27428.2037
MinimumVisualStudioVersion = 10.0.40219.1
Project("{FAE04EC0-301F-11D3-BF4B-00C04F79EFBC}") = "DesignPattern(Odev2)", "DesignPattern(Odev2)\DesignPattern(Odev2).csproj", "{B5AA9FF6-B66D-4AB7-AC02-67BF127E3BD7}"
EndProject
Global
	GlobalSection(SolutionConfigurationPlatforms) = preSolution
		Debug|Any CPU = Debug|Any CPU
		Release|Any CPU = Release|Any CPU
	EndGlobalSection
	GlobalSection(ProjectConfigurationPlatforms) = postSolution
		{B5AA9FF6-B66D-4AB7-AC02-67BF127E3BD7}.Debug|Any CPU.ActiveCfg = Debug|Any CPU
		{B5AA9FF6-B66D-4AB7-AC02-67BF127E3BD7}.Debug|Any CPU.Build.0 = Debug|Any CPU
		{B5AA9FF6-B66D-4AB7-AC02-67BF127E3BD7}.Release|Any CPU.ActiveCfg = Release|Any CPU
		{B5AA9FF6-B66D-4AB7-AC02-67BF127E3BD7}.Release|Any CPU.Build.0 = Release|Any CPU
	EndGlobalSection
	GlobalSection(SolutionProperties) = preSolution
		HideSolutionNode = FALSE
	EndGlobalSection
	GlobalSection(ExtensibilityGlobals) = postSolution
		SolutionGuid = {BAF4160A-2B1F-42C7-9375-6E433BA4B5A2}
	EndGlobalSection
EndGlobal
